
Microsoft Visual Studio Solution File, Format Version 12.00
# Visual Studio Version 17
VisualStudioVersion = 17.13.35818.85 d17.13
MinimumVisualStudioVersion = 10.0.40219.1
Project("{FAE04EC0-301F-11D3-BF4B-00C04F79EFBC}") = "tpmodul8_103022300052", "tpmodul8_103022300052\tpmodul8_103022300052.csproj", "{12B83C8C-6C05-4D08-A656-C03ABEABBA52}"
EndProject
Global
	GlobalSection(SolutionConfigurationPlatforms) = preSolution
		Debug|Any CPU = Debug|Any CPU
		Release|Any CPU = Release|Any CPU
	EndGlobalSection
	GlobalSection(ProjectConfigurationPlatforms) = postSolution
		{12B83C8C-6C05-4D08-A656-C03ABEABBA52}.Debug|Any CPU.ActiveCfg = Debug|Any CPU
		{12B83C8C-6C05-4D08-A656-C03ABEABBA52}.Debug|Any CPU.Build.0 = Debug|Any CPU
		{12B83C8C-6C05-4D08-A656-C03ABEABBA52}.Release|Any CPU.ActiveCfg = Release|Any CPU
		{12B83C8C-6C05-4D08-A656-C03ABEABBA52}.Release|Any CPU.Build.0 = Release|Any CPU
	EndGlobalSection
	GlobalSection(SolutionProperties) = preSolution
		HideSolutionNode = FALSE
	EndGlobalSection
	GlobalSection(ExtensibilityGlobals) = postSolution
		SolutionGuid = {58FBADB2-D007-486A-8304-C5C0C0CD7494}
	EndGlobalSection
EndGlobal
